
Microsoft Visual Studio Solution File, Format Version 12.00
# Visual Studio 15
VisualStudioVersion = 15.0.28010.2016
MinimumVisualStudioVersion = 10.0.40219.1
Project("{FAE04EC0-301F-11D3-BF4B-00C04F79EFBC}") = "Ghost", "Ghost.csproj", "{567AA345-0DA1-4CEA-ACBA-11BD2AC73DFB}"
EndProject
Global
	GlobalSection(SolutionConfigurationPlatforms) = preSolution
		Debug|Any CPU = Debug|Any CPU
		Release|Any CPU = Release|Any CPU
	EndGlobalSection
	GlobalSection(ProjectConfigurationPlatforms) = postSolution
		{567AA345-0DA1-4CEA-ACBA-11BD2AC73DFB}.Debug|Any CPU.ActiveCfg = Debug|Any CPU
		{567AA345-0DA1-4CEA-ACBA-11BD2AC73DFB}.Debug|Any CPU.Build.0 = Debug|Any CPU
		{567AA345-0DA1-4CEA-ACBA-11BD2AC73DFB}.Release|Any CPU.ActiveCfg = Release|Any CPU
		{567AA345-0DA1-4CEA-ACBA-11BD2AC73DFB}.Release|Any CPU.Build.0 = Release|Any CPU
	EndGlobalSection
	GlobalSection(SolutionProperties) = preSolution
		HideSolutionNode = FALSE
	EndGlobalSection
	GlobalSection(ExtensibilityGlobals) = postSolution
		SolutionGuid = {F6A9C42D-2AB1-4B40-939B-F4CC1AE629F7}
	EndGlobalSection
EndGlobal
